
Microsoft Visual Studio Solution File, Format Version 12.00
# Visual Studio Version 17
VisualStudioVersion = 17.4.33213.308
MinimumVisualStudioVersion = 10.0.40219.1
Project("{FAE04EC0-301F-11D3-BF4B-00C04F79EFBC}") = "Puissance4", "Puissance4\Puissance4.csproj", "{B15BF7A4-B543-402A-BDD8-63874E09CC6F}"
EndProject
Global
	GlobalSection(SolutionConfigurationPlatforms) = preSolution
		Debug|Any CPU = Debug|Any CPU
		Release|Any CPU = Release|Any CPU
	EndGlobalSection
	GlobalSection(ProjectConfigurationPlatforms) = postSolution
		{B15BF7A4-B543-402A-BDD8-63874E09CC6F}.Debug|Any CPU.ActiveCfg = Debug|Any CPU
		{B15BF7A4-B543-402A-BDD8-63874E09CC6F}.Debug|Any CPU.Build.0 = Debug|Any CPU
		{B15BF7A4-B543-402A-BDD8-63874E09CC6F}.Release|Any CPU.ActiveCfg = Release|Any CPU
		{B15BF7A4-B543-402A-BDD8-63874E09CC6F}.Release|Any CPU.Build.0 = Release|Any CPU
	EndGlobalSection
	GlobalSection(SolutionProperties) = preSolution
		HideSolutionNode = FALSE
	EndGlobalSection
	GlobalSection(ExtensibilityGlobals) = postSolution
		SolutionGuid = {6DB7D0FC-662E-46CC-A671-4B1A54998C4C}
	EndGlobalSection
EndGlobal
